// !$*UTF8*$!
{
	archiveVersion = 1;
	classes = {
	};
	objectVersion = 46;
	objects = {

/* Begin PBXBuildFile section */
		4D54C4761AE9CF9200AF7477 /* AppDelegate.swift in Sources */ = {isa = PBXBuildFile; fileRef = 4D54C4751AE9CF9200AF7477 /* AppDelegate.swift */; };
		4D54C4781AE9CF9200AF7477 /* ViewController.swift in Sources */ = {isa = PBXBuildFile; fileRef = 4D54C4771AE9CF9200AF7477 /* ViewController.swift */; };
		4D54C47B1AE9CF9200AF7477 /* Main.storyboard in Resources */ = {isa = PBXBuildFile; fileRef = 4D54C4791AE9CF9200AF7477 /* Main.storyboard */; };
		4D54C47D1AE9CF9200AF7477 /* Images.xcassets in Resources */ = {isa = PBXBuildFile; fileRef = 4D54C47C1AE9CF9200AF7477 /* Images.xcassets */; };
		4D54C4801AE9CF9200AF7477 /* LaunchScreen.xib in Resources */ = {isa = PBXBuildFile; fileRef = 4D54C47E1AE9CF9200AF7477 /* LaunchScreen.xib */; };
		4D54C48C1AE9CF9200AF7477 /* iOSModuleArchitectureTests.swift in Sources */ = {isa = PBXBuildFile; fileRef = 4D54C48B1AE9CF9200AF7477 /* iOSModuleArchitectureTests.swift */; };
/* End PBXBuildFile section */

/* Begin PBXContainerItemProxy section */
		4D54C4861AE9CF9200AF7477 /* PBXContainerItemProxy */ = {
			isa = PBXContainerItemProxy;
			containerPortal = 4D54C4681AE9CF9200AF7477 /* Project object */;
			proxyType = 1;
			remoteGlobalIDString = 4D54C46F1AE9CF9200AF7477;
			remoteInfo = iOSModuleArchitecture;
		};
/* End PBXContainerItemProxy section */

/* Begin PBXFileReference section */
		4D54C4701AE9CF9200AF7477 /* iOSModuleArchitecture.app */ = {isa = PBXFileReference; explicitFileType = wrapper.application; includeInIndex = 0; path = iOSModuleArchitecture.app; sourceTree = BUILT_PRODUCTS_DIR; };
		4D54C4741AE9CF9200AF7477 /* Info.plist */ = {isa = PBXFileReference; lastKnownFileType = text.plist.xml; path = Info.plist; sourceTree = "<group>"; };
		4D54C4751AE9CF9200AF7477 /* AppDelegate.swift */ = {isa = PBXFileReference; lastKnownFileType = sourcecode.swift; path = AppDelegate.swift; sourceTree = "<group>"; };
		4D54C4771AE9CF9200AF7477 /* ViewController.swift */ = {isa = PBXFileReference; lastKnownFileType = sourcecode.swift; path = ViewController.swift; sourceTree = "<group>"; };
		4D54C47A1AE9CF9200AF7477 /* Base */ = {isa = PBXFileReference; lastKnownFileType = file.storyboard; name = Base; path = Base.lproj/Main.storyboard; sourceTree = "<group>"; };
		4D54C47C1AE9CF9200AF7477 /* Images.xcassets */ = {isa = PBXFileReference; lastKnownFileType = folder.assetcatalog; path = Images.xcassets; sourceTree = "<group>"; };
		4D54C47F1AE9CF9200AF7477 /* Base */ = {isa = PBXFileReference; lastKnownFileType = file.xib; name = Base; path = Base.lproj/LaunchScreen.xib; sourceTree = "<group>"; };
		4D54C4851AE9CF9200AF7477 /* iOSModuleArchitectureTests.xctest */ = {isa = PBXFileReference; explicitFileType = wrapper.cfbundle; includeInIndex = 0; path = iOSModuleArchitectureTests.xctest; sourceTree = BUILT_PRODUCTS_DIR; };
		4D54C48A1AE9CF9200AF7477 /* Info.plist */ = {isa = PBXFileReference; lastKnownFileType = text.plist.xml; path = Info.plist; sourceTree = "<group>"; };
		4D54C48B1AE9CF9200AF7477 /* iOSModuleArchitectureTests.swift */ = {isa = PBXFileReference; lastKnownFileType = sourcecode.swift; path = iOSModuleArchitectureTests.swift; sourceTree = "<group>"; };
/* End PBXFileReference section */

/* Begin PBXFrameworksBuildPhase section */
		4D54C46D1AE9CF9200AF7477 /* Frameworks */ = {
			isa = PBXFrameworksBuildPhase;
			buildActionMask = 2147483647;
			files = (
			);
			runOnlyForDeploymentPostprocessing = 0;
		};
		4D54C4821AE9CF9200AF7477 /* Frameworks */ = {
			isa = PBXFrameworksBuildPhase;
			buildActionMask = 2147483647;
			files = (
			);
			runOnlyForDeploymentPostprocessing = 0;
		};
/* End PBXFrameworksBuildPhase section */

/* Begin PBXGroup section */
		4D54C4671AE9CF9200AF7477 = {
			isa = PBXGroup;
			children = (
				4D54C4721AE9CF9200AF7477 /* iOSModuleArchitecture */,
				4D54C4881AE9CF9200AF7477 /* iOSModuleArchitectureTests */,
				4D54C4711AE9CF9200AF7477 /* Products */,
			);
			sourceTree = "<group>";
		};
		4D54C4711AE9CF9200AF7477 /* Products */ = {
			isa = PBXGroup;
			children = (
				4D54C4701AE9CF9200AF7477 /* iOSModuleArchitecture.app */,
				4D54C4851AE9CF9200AF7477 /* iOSModuleArchitectureTests.xctest */,
			);
			name = Products;
			sourceTree = "<group>";
		};
		4D54C4721AE9CF9200AF7477 /* iOSModuleArchitecture */ = {
			isa = PBXGroup;
			children = (
				4D54C4751AE9CF9200AF7477 /* AppDelegate.swift */,
				4D54C4771AE9CF9200AF7477 /* ViewController.swift */,
				4D54C4791AE9CF9200AF7477 /* Main.storyboard */,
				4D54C47C1AE9CF9200AF7477 /* Images.xcassets */,
				4D54C47E1AE9CF9200AF7477 /* LaunchScreen.xib */,
				4D54C4731AE9CF9200AF7477 /* Supporting Files */,
			);
			path = iOSModuleArchitecture;
			sourceTree = "<group>";
		};
		4D54C4731AE9CF9200AF7477 /* Supporting Files */ = {
			isa = PBXGroup;
			children = (
				4D54C4741AE9CF9200AF7477 /* Info.plist */,
			);
			name = "Supporting Files";
			sourceTree = "<group>";
		};
		4D54C4881AE9CF9200AF7477 /* iOSModuleArchitectureTests */ = {
			isa = PBXGroup;
			children = (
				4D54C48B1AE9CF9200AF7477 /* iOSModuleArchitectureTests.swift */,
				4D54C4891AE9CF9200AF7477 /* Supporting Files */,
			);
			path = iOSModuleArchitectureTests;
			sourceTree = "<group>";
		};
		4D54C4891AE9CF9200AF7477 /* Supporting Files */ = {
			isa = PBXGroup;
			children = (
				4D54C48A1AE9CF9200AF7477 /* Info.plist */,
			);
			name = "Supporting Files";
			sourceTree = "<group>";
		};
/* End PBXGroup section */

/* Begin PBXNativeTarget section */
		4D54C46F1AE9CF9200AF7477 /* iOSModuleArchitecture */ = {
			isa = PBXNativeTarget;
			buildConfigurationList = 4D54C48F1AE9CF9200AF7477 /* Build configuration list for PBXNativeTarget "iOSModuleArchitecture" */;
			buildPhases = (
				4D54C46C1AE9CF9200AF7477 /* Sources */,
				4D54C46D1AE9CF9200AF7477 /* Frameworks */,
				4D54C46E1AE9CF9200AF7477 /* Resources */,
			);
			buildRules = (
			);
			dependencies = (
			);
			name = iOSModuleArchitecture;
			productName = iOSModuleArchitecture;
			productReference = 4D54C4701AE9CF9200AF7477 /* iOSModuleArchitecture.app */;
			productType = "com.apple.product-type.application";
		};
		4D54C4841AE9CF9200AF7477 /* iOSModuleArchitectureTests */ = {
			isa = PBXNativeTarget;
			buildConfigurationList = 4D54C4921AE9CF9200AF7477 /* Build configuration list for PBXNativeTarget "iOSModuleArchitectureTests" */;
			buildPhases = (
				4D54C4811AE9CF9200AF7477 /* Sources */,
				4D54C4821AE9CF9200AF7477 /* Frameworks */,
				4D54C4831AE9CF9200AF7477 /* Resources */,
			);
			buildRules = (
			);
			dependencies = (
				4D54C4871AE9CF9200AF7477 /* PBXTargetDependency */,
			);
			name = iOSModuleArchitectureTests;
			productName = iOSModuleArchitectureTests;
			productReference = 4D54C4851AE9CF9200AF7477 /* iOSModuleArchitectureTests.xctest */;
			productType = "com.apple.product-type.bundle.unit-test";
		};
/* End PBXNativeTarget section */

/* Begin PBXProject section */
		4D54C4681AE9CF9200AF7477 /* Project object */ = {
			isa = PBXProject;
			attributes = {
				LastUpgradeCheck = 0630;
				ORGANIZATIONNAME = "Jean Lebrument";
				TargetAttributes = {
					4D54C46F1AE9CF9200AF7477 = {
						CreatedOnToolsVersion = 6.3;
					};
					4D54C4841AE9CF9200AF7477 = {
						CreatedOnToolsVersion = 6.3;
						TestTargetID = 4D54C46F1AE9CF9200AF7477;
					};
				};
			};
			buildConfigurationList = 4D54C46B1AE9CF9200AF7477 /* Build configuration list for PBXProject "iOSModuleArchitecture" */;
			compatibilityVersion = "Xcode 3.2";
			developmentRegion = English;
			hasScannedForEncodings = 0;
			knownRegions = (
				en,
				Base,
			);
			mainGroup = 4D54C4671AE9CF9200AF7477;
			productRefGroup = 4D54C4711AE9CF9200AF7477 /* Products */;
			projectDirPath = "";
			projectRoot = "";
			targets = (
				4D54C46F1AE9CF9200AF7477 /* iOSModuleArchitecture */,
				4D54C4841AE9CF9200AF7477 /* iOSModuleArchitectureTests */,
			);
		};
/* End PBXProject section */

/* Begin PBXResourcesBuildPhase section */
		4D54C46E1AE9CF9200AF7477 /* Resources */ = {
			isa = PBXResourcesBuildPhase;
			buildActionMask = 2147483647;
			files = (
				4D54C47B1AE9CF9200AF7477 /* Main.storyboard in Resources */,
				4D54C4801AE9CF9200AF7477 /* LaunchScreen.xib in Resources */,
				4D54C47D1AE9CF9200AF7477 /* Images.xcassets in Resources */,
			);
			runOnlyForDeploymentPostprocessing = 0;
		};
		4D54C4831AE9CF9200AF7477 /* Resources */ = {
			isa = PBXResourcesBuildPhase;
			buildActionMask = 2147483647;
			files = (
			);
			runOnlyForDeploymentPostprocessing = 0;
		};
/* End PBXResourcesBuildPhase section */

/* Begin PBXSourcesBuildPhase section */
		4D54C46C1AE9CF9200AF7477 /* Sources */ = {
			isa = PBXSourcesBuildPhase;
			buildActionMask = 2147483647;
			files = (
				4D54C4781AE9CF9200AF7477 /* ViewController.swift in Sources */,
				4D54C4761AE9CF9200AF7477 /* AppDelegate.swift in Sources */,
			);
			runOnlyForDeploymentPostprocessing = 0;
		};
		4D54C4811AE9CF9200AF7477 /* Sources */ = {
			isa = PBXSourcesBuildPhase;
			buildActionMask = 2147483647;
			files = (
				4D54C48C1AE9CF9200AF7477 /* iOSModuleArchitectureTests.swift in Sources */,
			);
			runOnlyForDeploymentPostprocessing = 0;
		};
/* End PBXSourcesBuildPhase section */

/* Begin PBXTargetDependency section */
		4D54C4871AE9CF9200AF7477 /* PBXTargetDependency */ = {
			isa = PBXTargetDependency;
			target = 4D54C46F1AE9CF9200AF7477 /* iOSModuleArchitecture */;
			targetProxy = 4D54C4861AE9CF9200AF7477 /* PBXContainerItemProxy */;
		};
/* End PBXTargetDependency section */

/* Begin PBXVariantGroup section */
		4D54C4791AE9CF9200AF7477 /* Main.storyboard */ = {
			isa = PBXVariantGroup;
			children = (
				4D54C47A1AE9CF9200AF7477 /* Base */,
			);
			name = Main.storyboard;
			sourceTree = "<group>";
		};
		4D54C47E1AE9CF9200AF7477 /* LaunchScreen.xib */ = {
			isa = PBXVariantGroup;
			children = (
				4D54C47F1AE9CF9200AF7477 /* Base */,
			);
			name = LaunchScreen.xib;
			sourceTree = "<group>";
		};
/* End PBXVariantGroup section */

/* Begin XCBuildConfiguration section */
		4D54C48D1AE9CF9200AF7477 /* Debug */ = {
			isa = XCBuildConfiguration;
			buildSettings = {
				ALWAYS_SEARCH_USER_PATHS = NO;
				CLANG_CXX_LANGUAGE_STANDARD = "gnu++0x";
				CLANG_CXX_LIBRARY = "libc++";
				CLANG_ENABLE_MODULES = YES;
				CLANG_ENABLE_OBJC_ARC = YES;
				CLANG_WARN_BOOL_CONVERSION = YES;
				CLANG_WARN_CONSTANT_CONVERSION = YES;
				CLANG_WARN_DIRECT_OBJC_ISA_USAGE = YES_ERROR;
				CLANG_WARN_EMPTY_BODY = YES;
				CLANG_WARN_ENUM_CONVERSION = YES;
				CLANG_WARN_INT_CONVERSION = YES;
				CLANG_WARN_OBJC_ROOT_CLASS = YES_ERROR;
				CLANG_WARN_UNREACHABLE_CODE = YES;
				CLANG_WARN__DUPLICATE_METHOD_MATCH = YES;
				"CODE_SIGN_IDENTITY[sdk=iphoneos*]" = "iPhone Developer";
				COPY_PHASE_STRIP = NO;
				DEBUG_INFORMATION_FORMAT = "dwarf-with-dsym";
				ENABLE_STRICT_OBJC_MSGSEND = YES;
				GCC_C_LANGUAGE_STANDARD = gnu99;
				GCC_DYNAMIC_NO_PIC = NO;
				GCC_NO_COMMON_BLOCKS = YES;
				GCC_OPTIMIZATION_LEVEL = 0;
				GCC_PREPROCESSOR_DEFINITIONS = (
					"DEBUG=1",
					"$(inherited)",
				);
				GCC_SYMBOLS_PRIVATE_EXTERN = NO;
				GCC_WARN_64_TO_32_BIT_CONVERSION = YES;
				GCC_WARN_ABOUT_RETURN_TYPE = YES_ERROR;
				GCC_WARN_UNDECLARED_SELECTOR = YES;
				GCC_WARN_UNINITIALIZED_AUTOS = YES_AGGRESSIVE;
				GCC_WARN_UNUSED_FUNCTION = YES;
				GCC_WARN_UNUSED_VARIABLE = YES;
				IPHONEOS_DEPLOYMENT_TARGET = 8.3;
				MTL_ENABLE_DEBUG_INFO = YES;
				ONLY_ACTIVE_ARCH = YES;
				SDKROOT = iphoneos;
				SWIFT_OPTIMIZATION_LEVEL = "-Onone";
			};
			name = Debug;
		};
		4D54C48E1AE9CF9200AF7477 /* Release */ = {
			isa = XCBuildConfiguration;
			buildSettings = {
				ALWAYS_SEARCH_USER_PATHS = NO;
				CLANG_CXX_LANGUAGE_STANDARD = "gnu++0x";
				CLANG_CXX_LIBRARY = "libc++";
				CLANG_ENABLE_MODULES = YES;
				CLANG_ENABLE_OBJC_ARC = YES;
				CLANG_WARN_BOOL_CONVERSION = YES;
				CLANG_WARN_CONSTANT_CONVERSION = YES;
				CLANG_WARN_DIRECT_OBJC_ISA_USAGE = YES_ERROR;
				CLANG_WARN_EMPTY_BODY = YES;
				CLANG_WARN_ENUM_CONVERSION = YES;
				CLANG_WARN_INT_CONVERSION = YES;
				CLANG_WARN_OBJC_ROOT_CLASS = YES_ERROR;
				CLANG_WARN_UNREACHABLE_CODE = YES;
				CLANG_WARN__DUPLICATE_METHOD_MATCH = YES;
				"CODE_SIGN_IDENTITY[sdk=iphoneos*]" = "iPhone Developer";
				COPY_PHASE_STRIP = NO;
				DEBUG_INFORMATION_FORMAT = "dwarf-with-dsym";
				ENABLE_NS_ASSERTIONS = NO;
				ENABLE_STRICT_OBJC_MSGSEND = YES;
				GCC_C_LANGUAGE_STANDARD = gnu99;
				GCC_NO_COMMON_BLOCKS = YES;
				GCC_WARN_64_TO_32_BIT_CONVERSION = YES;
				GCC_WARN_ABOUT_RETURN_TYPE = YES_ERROR;
				GCC_WARN_UNDECLARED_SELECTOR = YES;
				GCC_WARN_UNINITIALIZED_AUTOS = YES_AGGRESSIVE;
				GCC_WARN_UNUSED_FUNCTION = YES;
				GCC_WARN_UNUSED_VARIABLE = YES;
				IPHONEOS_DEPLOYMENT_TARGET = 8.3;
				MTL_ENABLE_DEBUG_INFO = NO;
				SDKROOT = iphoneos;
				VALIDATE_PRODUCT = YES;
			};
			name = Release;
		};
		4D54C4901AE9CF9200AF7477 /* Debug */ = {
			isa = XCBuildConfiguration;
			buildSettings = {
				ASSETCATALOG_COMPILER_APPICON_NAME = AppIcon;
				INFOPLIST_FILE = iOSModuleArchitecture/Info.plist;
				LD_RUNPATH_SEARCH_PATHS = "$(inherited) @executable_path/Frameworks";
				PRODUCT_NAME = "$(TARGET_NAME)";
			};
			name = Debug;
		};
		4D54C4911AE9CF9200AF7477 /* Release */ = {
			isa = XCBuildConfiguration;
			buildSettings = {
				ASSETCATALOG_COMPILER_APPICON_NAME = AppIcon;
				INFOPLIST_FILE = iOSModuleArchitecture/Info.plist;
				LD_RUNPATH_SEARCH_PATHS = "$(inherited) @executable_path/Frameworks";
				PRODUCT_NAME = "$(TARGET_NAME)";
			};
			name = Release;
		};
		4D54C4931AE9CF9200AF7477 /* Debug */ = {
			isa = XCBuildConfiguration;
			buildSettings = {
				BUNDLE_LOADER = "$(TEST_HOST)";
				FRAMEWORK_SEARCH_PATHS = (
					"$(SDKROOT)/Developer/Library/Frameworks",
					"$(inherited)",
				);
				GCC_PREPROCESSOR_DEFINITIONS = (
					"DEBUG=1",
					"$(inherited)",
				);
				INFOPLIST_FILE = iOSModuleArchitectureTests/Info.plist;
				LD_RUNPATH_SEARCH_PATHS = "$(inherited) @executable_path/Frameworks @loader_path/Frameworks";
				PRODUCT_NAME = "$(TARGET_NAME)";
				TEST_HOST = "$(BUILT_PRODUCTS_DIR)/iOSModuleArchitecture.app/iOSModuleArchitecture";
			};
			name = Debug;
		};
		4D54C4941AE9CF9200AF7477 /* Release */ = {
			isa = XCBuildConfiguration;
			buildSettings = {
				BUNDLE_LOADER = "$(TEST_HOST)";
				FRAMEWORK_SEARCH_PATHS = (
					"$(SDKROOT)/Developer/Library/Frameworks",
					"$(inherited)",
				);
				INFOPLIST_FILE = iOSModuleArchitectureTests/Info.plist;
				LD_RUNPATH_SEARCH_PATHS = "$(inherited) @executable_path/Frameworks @loader_path/Frameworks";
				PRODUCT_NAME = "$(TARGET_NAME)";
				TEST_HOST = "$(BUILT_PRODUCTS_DIR)/iOSModuleArchitecture.app/iOSModuleArchitecture";
			};
			name = Release;
		};
/* End XCBuildConfiguration section */

/* Begin XCConfigurationList section */
		4D54C46B1AE9CF9200AF7477 /* Build configuration list for PBXProject "iOSModuleArchitecture" */ = {
			isa = XCConfigurationList;
			buildConfigurations = (
				4D54C48D1AE9CF9200AF7477 /* Debug */,
				4D54C48E1AE9CF9200AF7477 /* Release */,
			);
			defaultConfigurationIsVisible = 0;
			defaultConfigurationName = Release;
		};
		4D54C48F1AE9CF9200AF7477 /* Build configuration list for PBXNativeTarget "iOSModuleArchitecture" */ = {
			isa = XCConfigurationList;
			buildConfigurations = (
				4D54C4901AE9CF9200AF7477 /* Debug */,
				4D54C4911AE9CF9200AF7477 /* Release */,
			);
			defaultConfigurationIsVisible = 0;
		};
		4D54C4921AE9CF9200AF7477 /* Build configuration list for PBXNativeTarget "iOSModuleArchitectureTests" */ = {
			isa = XCConfigurationList;
			buildConfigurations = (
				4D54C4931AE9CF9200AF7477 /* Debug */,
				4D54C4941AE9CF9200AF7477 /* Release */,
			);
			defaultConfigurationIsVisible = 0;
		};
/* End XCConfigurationList section */
	};
	rootObject = 4D54C4681AE9CF9200AF7477 /* Project object */;
}
